
Microsoft Visual Studio Solution File, Format Version 12.00
# Visual Studio Version 16
VisualStudioVersion = 16.0.31911.196
MinimumVisualStudioVersion = 10.0.40219.1
Project("{9A19103F-16F7-4668-BE54-9A1E7A4F7556}") = "VacationRental", "VacationRental\VacationRental.csproj", "{CB7380E8-AD35-444E-9E6E-CC420D583A54}"
EndProject
Project("{9A19103F-16F7-4668-BE54-9A1E7A4F7556}") = "DataContext", "DataContext\DataContext.csproj", "{AC694B42-2B2B-49C1-8EA0-D0992C536A8C}"
EndProject
Project("{9A19103F-16F7-4668-BE54-9A1E7A4F7556}") = "Services", "Services\Services.csproj", "{2D17D4ED-2F81-4901-B190-5FCBC757CD26}"
EndProject
Project("{FAE04EC0-301F-11D3-BF4B-00C04F79EFBC}") = "VacationRental.Tests", "VacationRental.Tests\VacationRental.Tests.csproj", "{5517463D-D073-4888-B125-1855345C796F}"
EndProject
Global
	GlobalSection(SolutionConfigurationPlatforms) = preSolution
		Debug|Any CPU = Debug|Any CPU
		Release|Any CPU = Release|Any CPU
	EndGlobalSection
	GlobalSection(ProjectConfigurationPlatforms) = postSolution
		{CB7380E8-AD35-444E-9E6E-CC420D583A54}.Debug|Any CPU.ActiveCfg = Debug|Any CPU
		{CB7380E8-AD35-444E-9E6E-CC420D583A54}.Debug|Any CPU.Build.0 = Debug|Any CPU
		{CB7380E8-AD35-444E-9E6E-CC420D583A54}.Release|Any CPU.ActiveCfg = Release|Any CPU
		{CB7380E8-AD35-444E-9E6E-CC420D583A54}.Release|Any CPU.Build.0 = Release|Any CPU
		{AC694B42-2B2B-49C1-8EA0-D0992C536A8C}.Debug|Any CPU.ActiveCfg = Debug|Any CPU
		{AC694B42-2B2B-49C1-8EA0-D0992C536A8C}.Debug|Any CPU.Build.0 = Debug|Any CPU
		{AC694B42-2B2B-49C1-8EA0-D0992C536A8C}.Release|Any CPU.ActiveCfg = Release|Any CPU
		{AC694B42-2B2B-49C1-8EA0-D0992C536A8C}.Release|Any CPU.Build.0 = Release|Any CPU
		{2D17D4ED-2F81-4901-B190-5FCBC757CD26}.Debug|Any CPU.ActiveCfg = Debug|Any CPU
		{2D17D4ED-2F81-4901-B190-5FCBC757CD26}.Debug|Any CPU.Build.0 = Debug|Any CPU
		{2D17D4ED-2F81-4901-B190-5FCBC757CD26}.Release|Any CPU.ActiveCfg = Release|Any CPU
		{2D17D4ED-2F81-4901-B190-5FCBC757CD26}.Release|Any CPU.Build.0 = Release|Any CPU
		{5517463D-D073-4888-B125-1855345C796F}.Debug|Any CPU.ActiveCfg = Debug|Any CPU
		{5517463D-D073-4888-B125-1855345C796F}.Debug|Any CPU.Build.0 = Debug|Any CPU
		{5517463D-D073-4888-B125-1855345C796F}.Release|Any CPU.ActiveCfg = Release|Any CPU
		{5517463D-D073-4888-B125-1855345C796F}.Release|Any CPU.Build.0 = Release|Any CPU
	EndGlobalSection
	GlobalSection(SolutionProperties) = preSolution
		HideSolutionNode = FALSE
	EndGlobalSection
	GlobalSection(ExtensibilityGlobals) = postSolution
		SolutionGuid = {23C3D973-AEA9-4293-B74F-B4169661B721}
	EndGlobalSection
EndGlobal
